
Microsoft Visual Studio Solution File, Format Version 12.00
# Visual Studio Version 16
VisualStudioVersion = 16.0.30002.166
MinimumVisualStudioVersion = 10.0.40219.1
Project("{FAE04EC0-301F-11D3-BF4B-00C04F79EFBC}") = "ApplyMove", "ApplyMove.csproj", "{D73AEB68-3C3D-406E-8D3D-9A12C6660CF8}"
EndProject
Global
	GlobalSection(SolutionConfigurationPlatforms) = preSolution
		Debug|Any CPU = Debug|Any CPU
		Release|Any CPU = Release|Any CPU
	EndGlobalSection
	GlobalSection(ProjectConfigurationPlatforms) = postSolution
		{D73AEB68-3C3D-406E-8D3D-9A12C6660CF8}.Debug|Any CPU.ActiveCfg = Debug|Any CPU
		{D73AEB68-3C3D-406E-8D3D-9A12C6660CF8}.Debug|Any CPU.Build.0 = Debug|Any CPU
		{D73AEB68-3C3D-406E-8D3D-9A12C6660CF8}.Release|Any CPU.ActiveCfg = Release|Any CPU
		{D73AEB68-3C3D-406E-8D3D-9A12C6660CF8}.Release|Any CPU.Build.0 = Release|Any CPU
	EndGlobalSection
	GlobalSection(SolutionProperties) = preSolution
		HideSolutionNode = FALSE
	EndGlobalSection
	GlobalSection(ExtensibilityGlobals) = postSolution
		SolutionGuid = {32A14003-E99F-41FF-B905-ABA0574047AF}
	EndGlobalSection
EndGlobal
